
Microsoft Visual Studio Solution File, Format Version 12.00
# Visual Studio Version 17
VisualStudioVersion = 17.3.32714.290
MinimumVisualStudioVersion = 10.0.40219.1
Project("{D954291E-2A0B-460D-934E-DC6B0785DB48}") = "App8", "App8\App8\App8.shproj", "{7F8B01F8-5173-49B4-8EB1-A82D14F5D693}"
EndProject
Project("{FAE04EC0-301F-11D3-BF4B-00C04F79EFBC}") = "App8.Android", "App8\App8.Android\App8.Android.csproj", "{18126AB8-24BA-4488-9132-DF6C1299CAF8}"
EndProject
Project("{FAE04EC0-301F-11D3-BF4B-00C04F79EFBC}") = "WpfWin", "WpfWin\WpfWin.csproj", "{C8DAFB6C-5718-49F9-AB57-6FFAB2821D50}"
EndProject
Global
	GlobalSection(SolutionConfigurationPlatforms) = preSolution
		Ad-Hoc|Any CPU = Ad-Hoc|Any CPU
		Ad-Hoc|ARM = Ad-Hoc|ARM
		Ad-Hoc|iPhone = Ad-Hoc|iPhone
		Ad-Hoc|iPhoneSimulator = Ad-Hoc|iPhoneSimulator
		Ad-Hoc|x64 = Ad-Hoc|x64
		Ad-Hoc|x86 = Ad-Hoc|x86
		AppStore|Any CPU = AppStore|Any CPU
		AppStore|ARM = AppStore|ARM
		AppStore|iPhone = AppStore|iPhone
		AppStore|iPhoneSimulator = AppStore|iPhoneSimulator
		AppStore|x64 = AppStore|x64
		AppStore|x86 = AppStore|x86
		Debug|Any CPU = Debug|Any CPU
		Debug|ARM = Debug|ARM
		Debug|iPhone = Debug|iPhone
		Debug|iPhoneSimulator = Debug|iPhoneSimulator
		Debug|x64 = Debug|x64
		Debug|x86 = Debug|x86
		Release|Any CPU = Release|Any CPU
		Release|ARM = Release|ARM
		Release|iPhone = Release|iPhone
		Release|iPhoneSimulator = Release|iPhoneSimulator
		Release|x64 = Release|x64
		Release|x86 = Release|x86
	EndGlobalSection
	GlobalSection(ProjectConfigurationPlatforms) = postSolution
		{18126AB8-24BA-4488-9132-DF6C1299CAF8}.Ad-Hoc|Any CPU.ActiveCfg = Release|Any CPU
		{18126AB8-24BA-4488-9132-DF6C1299CAF8}.Ad-Hoc|Any CPU.Build.0 = Release|Any CPU
		{18126AB8-24BA-4488-9132-DF6C1299CAF8}.Ad-Hoc|Any CPU.Deploy.0 = Release|Any CPU
		{18126AB8-24BA-4488-9132-DF6C1299CAF8}.Ad-Hoc|ARM.ActiveCfg = Release|Any CPU
		{18126AB8-24BA-4488-9132-DF6C1299CAF8}.Ad-Hoc|ARM.Build.0 = Release|Any CPU
		{18126AB8-24BA-4488-9132-DF6C1299CAF8}.Ad-Hoc|ARM.Deploy.0 = Release|Any CPU
		{18126AB8-24BA-4488-9132-DF6C1299CAF8}.Ad-Hoc|iPhone.ActiveCfg = Release|Any CPU
		{18126AB8-24BA-4488-9132-DF6C1299CAF8}.Ad-Hoc|iPhone.Build.0 = Release|Any CPU
		{18126AB8-24BA-4488-9132-DF6C1299CAF8}.Ad-Hoc|iPhone.Deploy.0 = Release|Any CPU
		{18126AB8-24BA-4488-9132-DF6C1299CAF8}.Ad-Hoc|iPhoneSimulator.ActiveCfg = Release|Any CPU
		{18126AB8-24BA-4488-9132-DF6C1299CAF8}.Ad-Hoc|iPhoneSimulator.Build.0 = Release|Any CPU
		{18126AB8-24BA-4488-9132-DF6C1299CAF8}.Ad-Hoc|iPhoneSimulator.Deploy.0 = Release|Any CPU
		{18126AB8-24BA-4488-9132-DF6C1299CAF8}.Ad-Hoc|x64.ActiveCfg = Release|Any CPU
		{18126AB8-24BA-4488-9132-DF6C1299CAF8}.Ad-Hoc|x64.Build.0 = Release|Any CPU
		{18126AB8-24BA-4488-9132-DF6C1299CAF8}.Ad-Hoc|x64.Deploy.0 = Release|Any CPU
		{18126AB8-24BA-4488-9132-DF6C1299CAF8}.Ad-Hoc|x86.ActiveCfg = Release|Any CPU
		{18126AB8-24BA-4488-9132-DF6C1299CAF8}.Ad-Hoc|x86.Build.0 = Release|Any CPU
		{18126AB8-24BA-4488-9132-DF6C1299CAF8}.Ad-Hoc|x86.Deploy.0 = Release|Any CPU
		{18126AB8-24BA-4488-9132-DF6C1299CAF8}.AppStore|Any CPU.ActiveCfg = Release|Any CPU
		{18126AB8-24BA-4488-9132-DF6C1299CAF8}.AppStore|Any CPU.Build.0 = Release|Any CPU
		{18126AB8-24BA-4488-9132-DF6C1299CAF8}.AppStore|Any CPU.Deploy.0 = Release|Any CPU
		{18126AB8-24BA-4488-9132-DF6C1299CAF8}.AppStore|ARM.ActiveCfg = Release|Any CPU
		{18126AB8-24BA-4488-9132-DF6C1299CAF8}.AppStore|ARM.Build.0 = Release|Any CPU
		{18126AB8-24BA-4488-9132-DF6C1299CAF8}.AppStore|ARM.Deploy.0 = Release|Any CPU
		{18126AB8-24BA-4488-9132-DF6C1299CAF8}.AppStore|iPhone.ActiveCfg = Release|Any CPU
		{18126AB8-24BA-4488-9132-DF6C1299CAF8}.AppStore|iPhone.Build.0 = Release|Any CPU
		{18126AB8-24BA-4488-9132-DF6C1299CAF8}.AppStore|iPhone.Deploy.0 = Release|Any CPU
		{18126AB8-24BA-4488-9132-DF6C1299CAF8}.AppStore|iPhoneSimulator.ActiveCfg = Release|Any CPU
		{18126AB8-24BA-4488-9132-DF6C1299CAF8}.AppStore|iPhoneSimulator.Build.0 = Release|Any CPU
		{18126AB8-24BA-4488-9132-DF6C1299CAF8}.AppStore|iPhoneSimulator.Deploy.0 = Release|Any CPU
		{18126AB8-24BA-4488-9132-DF6C1299CAF8}.AppStore|x64.ActiveCfg = Release|Any CPU
		{18126AB8-24BA-4488-9132-DF6C1299CAF8}.AppStore|x64.Build.0 = Release|Any CPU
		{18126AB8-24BA-4488-9132-DF6C1299CAF8}.AppStore|x64.Deploy.0 = Release|Any CPU
		{18126AB8-24BA-4488-9132-DF6C1299CAF8}.AppStore|x86.ActiveCfg = Release|Any CPU
		{18126AB8-24BA-4488-9132-DF6C1299CAF8}.AppStore|x86.Build.0 = Release|Any CPU
		{18126AB8-24BA-4488-9132-DF6C1299CAF8}.AppStore|x86.Deploy.0 = Release|Any CPU
		{18126AB8-24BA-4488-9132-DF6C1299CAF8}.Debug|Any CPU.ActiveCfg = Debug|Any CPU
		{18126AB8-24BA-4488-9132-DF6C1299CAF8}.Debug|Any CPU.Build.0 = Debug|Any CPU
		{18126AB8-24BA-4488-9132-DF6C1299CAF8}.Debug|Any CPU.Deploy.0 = Debug|Any CPU
		{18126AB8-24BA-4488-9132-DF6C1299CAF8}.Debug|ARM.ActiveCfg = Debug|Any CPU
		{18126AB8-24BA-4488-9132-DF6C1299CAF8}.Debug|ARM.Build.0 = Debug|Any CPU
		{18126AB8-24BA-4488-9132-DF6C1299CAF8}.Debug|ARM.Deploy.0 = Debug|Any CPU
		{18126AB8-24BA-4488-9132-DF6C1299CAF8}.Debug|iPhone.ActiveCfg = Debug|Any CPU
		{18126AB8-24BA-4488-9132-DF6C1299CAF8}.Debug|iPhoneSimulator.ActiveCfg = Debug|Any CPU
		{18126AB8-24BA-4488-9132-DF6C1299CAF8}.Debug|iPhoneSimulator.Build.0 = Debug|Any CPU
		{18126AB8-24BA-4488-9132-DF6C1299CAF8}.Debug|iPhoneSimulator.Deploy.0 = Debug|Any CPU
		{18126AB8-24BA-4488-9132-DF6C1299CAF8}.Debug|x64.ActiveCfg = Debug|Any CPU
		{18126AB8-24BA-4488-9132-DF6C1299CAF8}.Debug|x64.Build.0 = Debug|Any CPU
		{18126AB8-24BA-4488-9132-DF6C1299CAF8}.Debug|x64.Deploy.0 = Debug|Any CPU
		{18126AB8-24BA-4488-9132-DF6C1299CAF8}.Debug|x86.ActiveCfg = Debug|Any CPU
		{18126AB8-24BA-4488-9132-DF6C1299CAF8}.Debug|x86.Build.0 = Debug|Any CPU
		{18126AB8-24BA-4488-9132-DF6C1299CAF8}.Debug|x86.Deploy.0 = Debug|Any CPU
		{18126AB8-24BA-4488-9132-DF6C1299CAF8}.Release|Any CPU.ActiveCfg = Release|Any CPU
		{18126AB8-24BA-4488-9132-DF6C1299CAF8}.Release|Any CPU.Build.0 = Release|Any CPU
		{18126AB8-24BA-4488-9132-DF6C1299CAF8}.Release|Any CPU.Deploy.0 = Release|Any CPU
		{18126AB8-24BA-4488-9132-DF6C1299CAF8}.Release|ARM.ActiveCfg = Release|Any CPU
		{18126AB8-24BA-4488-9132-DF6C1299CAF8}.Release|ARM.Build.0 = Release|Any CPU
		{18126AB8-24BA-4488-9132-DF6C1299CAF8}.Release|ARM.Deploy.0 = Release|Any CPU
		{18126AB8-24BA-4488-9132-DF6C1299CAF8}.Release|iPhone.ActiveCfg = Release|Any CPU
		{18126AB8-24BA-4488-9132-DF6C1299CAF8}.Release|iPhone.Build.0 = Release|Any CPU
		{18126AB8-24BA-4488-9132-DF6C1299CAF8}.Release|iPhone.Deploy.0 = Release|Any CPU
		{18126AB8-24BA-4488-9132-DF6C1299CAF8}.Release|iPhoneSimulator.ActiveCfg = Release|Any CPU
		{18126AB8-24BA-4488-9132-DF6C1299CAF8}.Release|iPhoneSimulator.Build.0 = Release|Any CPU
		{18126AB8-24BA-4488-9132-DF6C1299CAF8}.Release|iPhoneSimulator.Deploy.0 = Release|Any CPU
		{18126AB8-24BA-4488-9132-DF6C1299CAF8}.Release|x64.ActiveCfg = Release|Any CPU
		{18126AB8-24BA-4488-9132-DF6C1299CAF8}.Release|x64.Build.0 = Release|Any CPU
		{18126AB8-24BA-4488-9132-DF6C1299CAF8}.Release|x64.Deploy.0 = Release|Any CPU
		{18126AB8-24BA-4488-9132-DF6C1299CAF8}.Release|x86.ActiveCfg = Release|Any CPU
		{18126AB8-24BA-4488-9132-DF6C1299CAF8}.Release|x86.Build.0 = Release|Any CPU
		{18126AB8-24BA-4488-9132-DF6C1299CAF8}.Release|x86.Deploy.0 = Release|Any CPU
		{C8DAFB6C-5718-49F9-AB57-6FFAB2821D50}.Ad-Hoc|Any CPU.ActiveCfg = Release|Any CPU
		{C8DAFB6C-5718-49F9-AB57-6FFAB2821D50}.Ad-Hoc|Any CPU.Build.0 = Release|Any CPU
		{C8DAFB6C-5718-49F9-AB57-6FFAB2821D50}.Ad-Hoc|ARM.ActiveCfg = Release|Any CPU
		{C8DAFB6C-5718-49F9-AB57-6FFAB2821D50}.Ad-Hoc|ARM.Build.0 = Release|Any CPU
		{C8DAFB6C-5718-49F9-AB57-6FFAB2821D50}.Ad-Hoc|iPhone.ActiveCfg = Release|Any CPU
		{C8DAFB6C-5718-49F9-AB57-6FFAB2821D50}.Ad-Hoc|iPhone.Build.0 = Release|Any CPU
		{C8DAFB6C-5718-49F9-AB57-6FFAB2821D50}.Ad-Hoc|iPhoneSimulator.ActiveCfg = Release|Any CPU
		{C8DAFB6C-5718-49F9-AB57-6FFAB2821D50}.Ad-Hoc|iPhoneSimulator.Build.0 = Release|Any CPU
		{C8DAFB6C-5718-49F9-AB57-6FFAB2821D50}.Ad-Hoc|x64.ActiveCfg = Release|Any CPU
		{C8DAFB6C-5718-49F9-AB57-6FFAB2821D50}.Ad-Hoc|x64.Build.0 = Release|Any CPU
		{C8DAFB6C-5718-49F9-AB57-6FFAB2821D50}.Ad-Hoc|x86.ActiveCfg = Release|Any CPU
		{C8DAFB6C-5718-49F9-AB57-6FFAB2821D50}.Ad-Hoc|x86.Build.0 = Release|Any CPU
		{C8DAFB6C-5718-49F9-AB57-6FFAB2821D50}.AppStore|Any CPU.ActiveCfg = Release|Any CPU
		{C8DAFB6C-5718-49F9-AB57-6FFAB2821D50}.AppStore|Any CPU.Build.0 = Release|Any CPU
		{C8DAFB6C-5718-49F9-AB57-6FFAB2821D50}.AppStore|ARM.ActiveCfg = Release|Any CPU
		{C8DAFB6C-5718-49F9-AB57-6FFAB2821D50}.AppStore|ARM.Build.0 = Release|Any CPU
		{C8DAFB6C-5718-49F9-AB57-6FFAB2821D50}.AppStore|iPhone.ActiveCfg = Release|Any CPU
		{C8DAFB6C-5718-49F9-AB57-6FFAB2821D50}.AppStore|iPhone.Build.0 = Release|Any CPU
		{C8DAFB6C-5718-49F9-AB57-6FFAB2821D50}.AppStore|iPhoneSimulator.ActiveCfg = Release|Any CPU
		{C8DAFB6C-5718-49F9-AB57-6FFAB2821D50}.AppStore|iPhoneSimulator.Build.0 = Release|Any CPU
		{C8DAFB6C-5718-49F9-AB57-6FFAB2821D50}.AppStore|x64.ActiveCfg = Release|Any CPU
		{C8DAFB6C-5718-49F9-AB57-6FFAB2821D50}.AppStore|x64.Build.0 = Release|Any CPU
		{C8DAFB6C-5718-49F9-AB57-6FFAB2821D50}.AppStore|x86.ActiveCfg = Release|Any CPU
		{C8DAFB6C-5718-49F9-AB57-6FFAB2821D50}.AppStore|x86.Build.0 = Release|Any CPU
		{C8DAFB6C-5718-49F9-AB57-6FFAB2821D50}.Debug|Any CPU.ActiveCfg = Debug|Any CPU
		{C8DAFB6C-5718-49F9-AB57-6FFAB2821D50}.Debug|ARM.ActiveCfg = Debug|Any CPU
		{C8DAFB6C-5718-49F9-AB57-6FFAB2821D50}.Debug|ARM.Build.0 = Debug|Any CPU
		{C8DAFB6C-5718-49F9-AB57-6FFAB2821D50}.Debug|iPhone.ActiveCfg = Debug|Any CPU
		{C8DAFB6C-5718-49F9-AB57-6FFAB2821D50}.Debug|iPhone.Build.0 = Debug|Any CPU
		{C8DAFB6C-5718-49F9-AB57-6FFAB2821D50}.Debug|iPhoneSimulator.ActiveCfg = Debug|Any CPU
		{C8DAFB6C-5718-49F9-AB57-6FFAB2821D50}.Debug|iPhoneSimulator.Build.0 = Debug|Any CPU
		{C8DAFB6C-5718-49F9-AB57-6FFAB2821D50}.Debug|x64.ActiveCfg = Debug|Any CPU
		{C8DAFB6C-5718-49F9-AB57-6FFAB2821D50}.Debug|x64.Build.0 = Debug|Any CPU
		{C8DAFB6C-5718-49F9-AB57-6FFAB2821D50}.Debug|x86.ActiveCfg = Debug|Any CPU
		{C8DAFB6C-5718-49F9-AB57-6FFAB2821D50}.Debug|x86.Build.0 = Debug|Any CPU
		{C8DAFB6C-5718-49F9-AB57-6FFAB2821D50}.Release|Any CPU.ActiveCfg = Release|Any CPU
		{C8DAFB6C-5718-49F9-AB57-6FFAB2821D50}.Release|ARM.ActiveCfg = Release|Any CPU
		{C8DAFB6C-5718-49F9-AB57-6FFAB2821D50}.Release|ARM.Build.0 = Release|Any CPU
		{C8DAFB6C-5718-49F9-AB57-6FFAB2821D50}.Release|iPhone.ActiveCfg = Release|Any CPU
		{C8DAFB6C-5718-49F9-AB57-6FFAB2821D50}.Release|iPhone.Build.0 = Release|Any CPU
		{C8DAFB6C-5718-49F9-AB57-6FFAB2821D50}.Release|iPhoneSimulator.ActiveCfg = Release|Any CPU
		{C8DAFB6C-5718-49F9-AB57-6FFAB2821D50}.Release|iPhoneSimulator.Build.0 = Release|Any CPU
		{C8DAFB6C-5718-49F9-AB57-6FFAB2821D50}.Release|x64.ActiveCfg = Release|Any CPU
		{C8DAFB6C-5718-49F9-AB57-6FFAB2821D50}.Release|x64.Build.0 = Release|Any CPU
		{C8DAFB6C-5718-49F9-AB57-6FFAB2821D50}.Release|x86.ActiveCfg = Release|Any CPU
		{C8DAFB6C-5718-49F9-AB57-6FFAB2821D50}.Release|x86.Build.0 = Release|Any CPU
	EndGlobalSection
	GlobalSection(SolutionProperties) = preSolution
		HideSolutionNode = FALSE
	EndGlobalSection
	GlobalSection(ExtensibilityGlobals) = postSolution
		SolutionGuid = {ADE53905-A1DE-43D7-80C8-97C837950693}
	EndGlobalSection
	GlobalSection(SharedMSBuildProjectFiles) = preSolution
		App8\App8\App8.projitems*{18126ab8-24ba-4488-9132-df6c1299caf8}*SharedItemsImports = 4
		App8\App8\App8.projitems*{7f8b01f8-5173-49b4-8eb1-a82d14f5d693}*SharedItemsImports = 13
		App8\App8\App8.projitems*{c8dafb6c-5718-49f9-ab57-6ffab2821d50}*SharedItemsImports = 4
	EndGlobalSection
EndGlobal
